<Solution>
  <Project Path="MissTortas.Model/MissTortas.Model.csproj" Id="09803612-cc0b-439c-baab-6b9b34725d59" />
  <Project Path="MissTortas.Models/MissTortas.Data.csproj" Id="d0a16c90-b965-482d-b9c5-35388bf5643b" />
  <Project Path="MissTortas.Services/MissTortas.Services.csproj" Id="506192b4-8915-4dee-987d-f09b43fadd02" />
  <Project Path="MissTortasEngine/MissTortas.Engine.csproj" />
</Solution>
