<Solution>
  <Project Path="MissTortas.Data/MissTortas.Data.csproj" Id="9509ae24-bdcb-49c3-8c91-ef061736d687" />
  <Project Path="MissTortas.Presentation/MissTortas.Presentation.csproj" Id="06d662e1-bb9a-4184-98ec-1c774ae43584" />
  <Project Path="MissTortas.Services/MissTortas.Services.csproj" Id="d2511529-5717-4cae-a62b-a7ae42660ddd" />
</Solution>
